
Microsoft Visual Studio Solution File, Format Version 12.00
# Visual Studio 14
VisualStudioVersion = 14.0.25123.0
MinimumVisualStudioVersion = 10.0.40219.1
Project("{6B52D89D-1572-4345-9E9B-C889AFA53542}") = "Sitecore.Support.102239", "Sitecore.Support.102239\Sitecore.Support.102239.csproj", "{5BDEF91B-F92E-41C6-9D5C-129B2BF5C3A2}"
EndProject
Global
	GlobalSection(SolutionConfigurationPlatforms) = preSolution
		Debug|Any CPU = Debug|Any CPU
		Release|Any CPU = Release|Any CPU
	EndGlobalSection
	GlobalSection(ProjectConfigurationPlatforms) = postSolution
		{5BDEF91B-F92E-41C6-9D5C-129B2BF5C3A2}.Debug|Any CPU.ActiveCfg = Debug|Any CPU
		{5BDEF91B-F92E-41C6-9D5C-129B2BF5C3A2}.Debug|Any CPU.Build.0 = Debug|Any CPU
		{5BDEF91B-F92E-41C6-9D5C-129B2BF5C3A2}.Release|Any CPU.ActiveCfg = Release|Any CPU
		{5BDEF91B-F92E-41C6-9D5C-129B2BF5C3A2}.Release|Any CPU.Build.0 = Release|Any CPU
	EndGlobalSection
	GlobalSection(SolutionProperties) = preSolution
		HideSolutionNode = FALSE
	EndGlobalSection
EndGlobal
